
Microsoft Visual Studio Solution File, Format Version 12.00
# Visual Studio 15
VisualStudioVersion = 15.0.27130.2036
MinimumVisualStudioVersion = 10.0.40219.1
Project("{8BC9CEB8-8B4A-11D0-8D11-00A0C91BC942}") = "PigLatin", "PigLatin\PigLatin.vcxproj", "{4AC4AC10-6BDA-441E-8F98-4AEE03EDED2F}"
EndProject
Global
	GlobalSection(SolutionConfigurationPlatforms) = preSolution
		Debug|x64 = Debug|x64
		Debug|x86 = Debug|x86
		Release|x64 = Release|x64
		Release|x86 = Release|x86
	EndGlobalSection
	GlobalSection(ProjectConfigurationPlatforms) = postSolution
		{4AC4AC10-6BDA-441E-8F98-4AEE03EDED2F}.Debug|x64.ActiveCfg = Debug|x64
		{4AC4AC10-6BDA-441E-8F98-4AEE03EDED2F}.Debug|x64.Build.0 = Debug|x64
		{4AC4AC10-6BDA-441E-8F98-4AEE03EDED2F}.Debug|x86.ActiveCfg = Debug|Win32
		{4AC4AC10-6BDA-441E-8F98-4AEE03EDED2F}.Debug|x86.Build.0 = Debug|Win32
		{4AC4AC10-6BDA-441E-8F98-4AEE03EDED2F}.Release|x64.ActiveCfg = Release|x64
		{4AC4AC10-6BDA-441E-8F98-4AEE03EDED2F}.Release|x64.Build.0 = Release|x64
		{4AC4AC10-6BDA-441E-8F98-4AEE03EDED2F}.Release|x86.ActiveCfg = Release|Win32
		{4AC4AC10-6BDA-441E-8F98-4AEE03EDED2F}.Release|x86.Build.0 = Release|Win32
	EndGlobalSection
	GlobalSection(SolutionProperties) = preSolution
		HideSolutionNode = FALSE
	EndGlobalSection
	GlobalSection(ExtensibilityGlobals) = postSolution
		SolutionGuid = {629CD8DC-8937-4261-9166-02B435E62A76}
	EndGlobalSection
EndGlobal
